
Microsoft Visual Studio Solution File, Format Version 11.00
# Visual C# Express 2010
Project("{FAE04EC0-301F-11D3-BF4B-00C04F79EFBC}") = "DogFighter", "DogFighter\DogFighter.csproj", "{78EF5ABF-617F-4133-A119-3FA5D160CB10}"
EndProject
Global
	GlobalSection(SolutionConfigurationPlatforms) = preSolution
		Debug|Any CPU = Debug|Any CPU
		Release|Any CPU = Release|Any CPU
	EndGlobalSection
	GlobalSection(ProjectConfigurationPlatforms) = postSolution
		{78EF5ABF-617F-4133-A119-3FA5D160CB10}.Debug|Any CPU.ActiveCfg = Debug|Any CPU
		{78EF5ABF-617F-4133-A119-3FA5D160CB10}.Debug|Any CPU.Build.0 = Debug|Any CPU
		{78EF5ABF-617F-4133-A119-3FA5D160CB10}.Debug|Any CPU.Deploy.0 = Debug|Any CPU
		{78EF5ABF-617F-4133-A119-3FA5D160CB10}.Release|Any CPU.ActiveCfg = Release|Any CPU
		{78EF5ABF-617F-4133-A119-3FA5D160CB10}.Release|Any CPU.Build.0 = Release|Any CPU
		{78EF5ABF-617F-4133-A119-3FA5D160CB10}.Release|Any CPU.Deploy.0 = Release|Any CPU
	EndGlobalSection
	GlobalSection(SolutionProperties) = preSolution
		HideSolutionNode = FALSE
	EndGlobalSection
EndGlobal
